
Microsoft Visual Studio Solution File, Format Version 12.00
# Visual Studio Version 16
VisualStudioVersion = 16.0.31702.278
MinimumVisualStudioVersion = 10.0.40219.1
Project("{2150E333-8FDC-42A3-9474-1A3956D46DE8}") = "Services", "Services", "{548D0E68-36BD-4ADE-A494-F35436BB1185}"
EndProject
Project("{2150E333-8FDC-42A3-9474-1A3956D46DE8}") = "Catalog", "Catalog", "{E2366495-02E8-4B25-9EFE-42DBB58DD2D6}"
EndProject
Project("{9A19103F-16F7-4668-BE54-9A1E7A4F7556}") = "Catalog.API", "Services\Catalog\Catalog.API\Catalog.API.csproj", "{4F6E3858-C212-45CD-A2E9-3BAA1D43A306}"
EndProject
Project("{E53339B2-1760-4266-BCC7-CA923CBCF16C}") = "docker-compose", "docker-compose.dcproj", "{DF594BD3-18B4-4FB5-B9D8-9465D8368898}"
EndProject
Project("{2150E333-8FDC-42A3-9474-1A3956D46DE8}") = "Basket", "Basket", "{E29FB359-9AEE-4816-88D1-183AC01E1CF9}"
EndProject
Project("{9A19103F-16F7-4668-BE54-9A1E7A4F7556}") = "Basket.API", "Services\Basket\Basket.API\Basket.API.csproj", "{A4466B05-E8AA-47BA-8AF7-4DE9DC5B587B}"
EndProject
Project("{2150E333-8FDC-42A3-9474-1A3956D46DE8}") = "Discount", "Discount", "{FF78E3C5-3F99-45BC-A810-F86235584844}"
EndProject
Project("{9A19103F-16F7-4668-BE54-9A1E7A4F7556}") = "Discount.API", "Services\Discount\Discount.API\Discount.API.csproj", "{4A45ADF9-46C7-4CA7-8935-6BD6CFB1AD95}"
EndProject
Project("{9A19103F-16F7-4668-BE54-9A1E7A4F7556}") = "Discount.Grpc", "Services\Discount\Discount.Grpc\Discount.Grpc.csproj", "{C68D206D-5CB8-4CBE-94D4-22F6A5E36831}"
EndProject
Project("{2150E333-8FDC-42A3-9474-1A3956D46DE8}") = "Ordering", "Ordering", "{59CBE962-27CB-4656-B0BF-B28B7ED641C7}"
EndProject
Project("{FAE04EC0-301F-11D3-BF4B-00C04F79EFBC}") = "Ordering.API", "Services\Ordering\Ordering.API\Ordering.API.csproj", "{01AE563B-84CF-4181-9E27-D00414A58060}"
EndProject
Global
	GlobalSection(SolutionConfigurationPlatforms) = preSolution
		Debug|Any CPU = Debug|Any CPU
		Release|Any CPU = Release|Any CPU
	EndGlobalSection
	GlobalSection(ProjectConfigurationPlatforms) = postSolution
		{4F6E3858-C212-45CD-A2E9-3BAA1D43A306}.Debug|Any CPU.ActiveCfg = Debug|Any CPU
		{4F6E3858-C212-45CD-A2E9-3BAA1D43A306}.Debug|Any CPU.Build.0 = Debug|Any CPU
		{4F6E3858-C212-45CD-A2E9-3BAA1D43A306}.Release|Any CPU.ActiveCfg = Release|Any CPU
		{4F6E3858-C212-45CD-A2E9-3BAA1D43A306}.Release|Any CPU.Build.0 = Release|Any CPU
		{DF594BD3-18B4-4FB5-B9D8-9465D8368898}.Debug|Any CPU.ActiveCfg = Debug|Any CPU
		{DF594BD3-18B4-4FB5-B9D8-9465D8368898}.Debug|Any CPU.Build.0 = Debug|Any CPU
		{DF594BD3-18B4-4FB5-B9D8-9465D8368898}.Release|Any CPU.ActiveCfg = Release|Any CPU
		{DF594BD3-18B4-4FB5-B9D8-9465D8368898}.Release|Any CPU.Build.0 = Release|Any CPU
		{A4466B05-E8AA-47BA-8AF7-4DE9DC5B587B}.Debug|Any CPU.ActiveCfg = Debug|Any CPU
		{A4466B05-E8AA-47BA-8AF7-4DE9DC5B587B}.Debug|Any CPU.Build.0 = Debug|Any CPU
		{A4466B05-E8AA-47BA-8AF7-4DE9DC5B587B}.Release|Any CPU.ActiveCfg = Release|Any CPU
		{A4466B05-E8AA-47BA-8AF7-4DE9DC5B587B}.Release|Any CPU.Build.0 = Release|Any CPU
		{4A45ADF9-46C7-4CA7-8935-6BD6CFB1AD95}.Debug|Any CPU.ActiveCfg = Debug|Any CPU
		{4A45ADF9-46C7-4CA7-8935-6BD6CFB1AD95}.Debug|Any CPU.Build.0 = Debug|Any CPU
		{4A45ADF9-46C7-4CA7-8935-6BD6CFB1AD95}.Release|Any CPU.ActiveCfg = Release|Any CPU
		{4A45ADF9-46C7-4CA7-8935-6BD6CFB1AD95}.Release|Any CPU.Build.0 = Release|Any CPU
		{C68D206D-5CB8-4CBE-94D4-22F6A5E36831}.Debug|Any CPU.ActiveCfg = Debug|Any CPU
		{C68D206D-5CB8-4CBE-94D4-22F6A5E36831}.Debug|Any CPU.Build.0 = Debug|Any CPU
		{C68D206D-5CB8-4CBE-94D4-22F6A5E36831}.Release|Any CPU.ActiveCfg = Release|Any CPU
		{C68D206D-5CB8-4CBE-94D4-22F6A5E36831}.Release|Any CPU.Build.0 = Release|Any CPU
		{01AE563B-84CF-4181-9E27-D00414A58060}.Debug|Any CPU.ActiveCfg = Debug|Any CPU
		{01AE563B-84CF-4181-9E27-D00414A58060}.Debug|Any CPU.Build.0 = Debug|Any CPU
		{01AE563B-84CF-4181-9E27-D00414A58060}.Release|Any CPU.ActiveCfg = Release|Any CPU
		{01AE563B-84CF-4181-9E27-D00414A58060}.Release|Any CPU.Build.0 = Release|Any CPU
	EndGlobalSection
	GlobalSection(SolutionProperties) = preSolution
		HideSolutionNode = FALSE
	EndGlobalSection
	GlobalSection(NestedProjects) = preSolution
		{E2366495-02E8-4B25-9EFE-42DBB58DD2D6} = {548D0E68-36BD-4ADE-A494-F35436BB1185}
		{4F6E3858-C212-45CD-A2E9-3BAA1D43A306} = {E2366495-02E8-4B25-9EFE-42DBB58DD2D6}
		{E29FB359-9AEE-4816-88D1-183AC01E1CF9} = {548D0E68-36BD-4ADE-A494-F35436BB1185}
		{A4466B05-E8AA-47BA-8AF7-4DE9DC5B587B} = {E29FB359-9AEE-4816-88D1-183AC01E1CF9}
		{FF78E3C5-3F99-45BC-A810-F86235584844} = {548D0E68-36BD-4ADE-A494-F35436BB1185}
		{4A45ADF9-46C7-4CA7-8935-6BD6CFB1AD95} = {FF78E3C5-3F99-45BC-A810-F86235584844}
		{C68D206D-5CB8-4CBE-94D4-22F6A5E36831} = {FF78E3C5-3F99-45BC-A810-F86235584844}
		{59CBE962-27CB-4656-B0BF-B28B7ED641C7} = {548D0E68-36BD-4ADE-A494-F35436BB1185}
		{01AE563B-84CF-4181-9E27-D00414A58060} = {59CBE962-27CB-4656-B0BF-B28B7ED641C7}
	EndGlobalSection
	GlobalSection(ExtensibilityGlobals) = postSolution
		SolutionGuid = {DDF0B307-7A4E-4F28-B43E-FCBC5A69D57B}
	EndGlobalSection
EndGlobal
